Microsoft Visual Studio Solution File, Format Version 12.00
# Visual Studio 2012
Project("{FAE04EC0-301F-11D3-BF4B-00C04F79EFBC}") = "Logic", "Logic\Logic.csproj", "{13E59551-34AC-43DC-9A03-EF5E4721DC61}"
EndProject
Project("{FAE04EC0-301F-11D3-BF4B-00C04F79EFBC}") = "Interface", "Interface\Interface.csproj", "{BA24FAF7-D518-49E8-952A-45595682877E}"
EndProject
Project("{FAE04EC0-301F-11D3-BF4B-00C04F79EFBC}") = "Console", "Console\Console.csproj", "{CD1B7DBC-19DB-41A8-80CE-986C66225E8B}"
EndProject
Project("{FAE04EC0-301F-11D3-BF4B-00C04F79EFBC}") = "Utility", "Utility\Utility.csproj", "{C540570C-20E0-4979-84EB-8833810DDDF6}"
EndProject
Project("{FAE04EC0-301F-11D3-BF4B-00C04F79EFBC}") = "Database", "Database\Database.csproj", "{3A5B5F19-51A5-48CE-A82E-97D5C189E5CB}"
EndProject
Project("{FAE04EC0-301F-11D3-BF4B-00C04F79EFBC}") = "Basic", "Basic\Basic.csproj", "{6608C2E6-F841-4CD1-8AB2-28DC3B1DDDD1}"
EndProject
Project("{FAE04EC0-301F-11D3-BF4B-00C04F79EFBC}") = "Backend", "Backend\Backend.csproj", "{B7C7320D-A721-4EA8-83E9-1B09AAFF20E9}"
EndProject
Project("{E24C65DC-7377-472B-9ABA-BC803B73C61A}") = "Site5", "Site5\", "{367F36EA-AE1C-4E15-BAF9-BA75B18B3807}"
	ProjectSection(WebsiteProperties) = preProject
		TargetFrameworkMoniker = ".NETFramework,Version%3Dv3.5"
		ProjectReferences = "{3A5B5F19-51A5-48CE-A82E-97D5C189E5CB}|Swarmops.Database.dll;{6608C2E6-F841-4CD1-8AB2-28DC3B1DDDD1}|Swarmops.Basic.dll;{13E59551-34AC-43DC-9A03-EF5E4721DC61}|Swarmops.Logic.dll;{BA24FAF7-D518-49E8-952A-45595682877E}|Swarmops.Interface.dll;{C540570C-20E0-4979-84EB-8833810DDDF6}|Swarmops.Utility.dll;"
		Debug.AspNetCompiler.VirtualPath = "/Site5"
		Debug.AspNetCompiler.PhysicalPath = "Site5\"
		Debug.AspNetCompiler.TargetPath = "PrecompiledWeb\Site5\"
		Debug.AspNetCompiler.Updateable = "true"
		Debug.AspNetCompiler.ForceOverwrite = "true"
		Debug.AspNetCompiler.FixedNames = "false"
		Debug.AspNetCompiler.Debug = "True"
		Release.AspNetCompiler.VirtualPath = "/Site5"
		Release.AspNetCompiler.PhysicalPath = "Site5\"
		Release.AspNetCompiler.TargetPath = "PrecompiledWeb\Site5\"
		Release.AspNetCompiler.Updateable = "true"
		Release.AspNetCompiler.ForceOverwrite = "true"
		Release.AspNetCompiler.FixedNames = "false"
		Release.AspNetCompiler.Debug = "False"
		VWDPort = "1810"
		VWDVirtualPath = "/"
		DefaultWebSiteLanguage = "Visual C#"
	EndProjectSection
	ProjectSection(ProjectDependencies) = postProject
		{3A5B5F19-51A5-48CE-A82E-97D5C189E5CB} = {3A5B5F19-51A5-48CE-A82E-97D5C189E5CB}
		{13E59551-34AC-43DC-9A03-EF5E4721DC61} = {13E59551-34AC-43DC-9A03-EF5E4721DC61}
		{BA24FAF7-D518-49E8-952A-45595682877E} = {BA24FAF7-D518-49E8-952A-45595682877E}
	EndProjectSection
EndProject
Project("{2CFEAB61-6A3B-4EB8-B523-560B4BEEF521}") = "Site5-Deployment", "Site5-Deployment\Site5-Deployment.wdproj", "{D9140E89-9B4E-4021-8B42-A792F33EDF9A}"
EndProject
Global
	GlobalSection(SubversionScc) = preSolution
		Svn-Managed = True
		Manager = AnkhSVN - Subversion Support for Visual Studio
	EndGlobalSection
	GlobalSection(SolutionConfigurationPlatforms) = preSolution
		Autobuild|.NET = Autobuild|.NET
		Autobuild|Any CPU = Autobuild|Any CPU
		Autobuild|Mixed Platforms = Autobuild|Mixed Platforms
		Debug|.NET = Debug|.NET
		Debug|Any CPU = Debug|Any CPU
		Debug|Mixed Platforms = Debug|Mixed Platforms
		Release|.NET = Release|.NET
		Release|Any CPU = Release|Any CPU
		Release|Mixed Platforms = Release|Mixed Platforms
	EndGlobalSection
	GlobalSection(ProjectConfigurationPlatforms) = postSolution
		{13E59551-34AC-43DC-9A03-EF5E4721DC61}.Autobuild|.NET.ActiveCfg = Release|Any CPU
		{13E59551-34AC-43DC-9A03-EF5E4721DC61}.Autobuild|Any CPU.ActiveCfg = Release|Any CPU
		{13E59551-34AC-43DC-9A03-EF5E4721DC61}.Autobuild|Any CPU.Build.0 = Release|Any CPU
		{13E59551-34AC-43DC-9A03-EF5E4721DC61}.Autobuild|Mixed Platforms.ActiveCfg = Release|Any CPU
		{13E59551-34AC-43DC-9A03-EF5E4721DC61}.Autobuild|Mixed Platforms.Build.0 = Release|Any CPU
		{13E59551-34AC-43DC-9A03-EF5E4721DC61}.Debug|.NET.ActiveCfg = Debug|Any CPU
		{13E59551-34AC-43DC-9A03-EF5E4721DC61}.Debug|Any CPU.ActiveCfg = Debug|Any CPU
		{13E59551-34AC-43DC-9A03-EF5E4721DC61}.Debug|Any CPU.Build.0 = Debug|Any CPU
		{13E59551-34AC-43DC-9A03-EF5E4721DC61}.Debug|Mixed Platforms.ActiveCfg = Debug|Any CPU
		{13E59551-34AC-43DC-9A03-EF5E4721DC61}.Debug|Mixed Platforms.Build.0 = Debug|Any CPU
		{13E59551-34AC-43DC-9A03-EF5E4721DC61}.Release|.NET.ActiveCfg = Release|Any CPU
		{13E59551-34AC-43DC-9A03-EF5E4721DC61}.Release|Any CPU.ActiveCfg = Release|Any CPU
		{13E59551-34AC-43DC-9A03-EF5E4721DC61}.Release|Any CPU.Build.0 = Release|Any CPU
		{13E59551-34AC-43DC-9A03-EF5E4721DC61}.Release|Mixed Platforms.ActiveCfg = Release|Any CPU
		{13E59551-34AC-43DC-9A03-EF5E4721DC61}.Release|Mixed Platforms.Build.0 = Release|Any CPU
		{BA24FAF7-D518-49E8-952A-45595682877E}.Autobuild|.NET.ActiveCfg = Release|Any CPU
		{BA24FAF7-D518-49E8-952A-45595682877E}.Autobuild|Any CPU.ActiveCfg = Release|Any CPU
		{BA24FAF7-D518-49E8-952A-45595682877E}.Autobuild|Any CPU.Build.0 = Release|Any CPU
		{BA24FAF7-D518-49E8-952A-45595682877E}.Autobuild|Mixed Platforms.ActiveCfg = Release|Any CPU
		{BA24FAF7-D518-49E8-952A-45595682877E}.Autobuild|Mixed Platforms.Build.0 = Release|Any CPU
		{BA24FAF7-D518-49E8-952A-45595682877E}.Debug|.NET.ActiveCfg = Debug|Any CPU
		{BA24FAF7-D518-49E8-952A-45595682877E}.Debug|Any CPU.ActiveCfg = Debug|Any CPU
		{BA24FAF7-D518-49E8-952A-45595682877E}.Debug|Any CPU.Build.0 = Debug|Any CPU
		{BA24FAF7-D518-49E8-952A-45595682877E}.Debug|Mixed Platforms.ActiveCfg = Debug|Any CPU
		{BA24FAF7-D518-49E8-952A-45595682877E}.Debug|Mixed Platforms.Build.0 = Debug|Any CPU
		{BA24FAF7-D518-49E8-952A-45595682877E}.Release|.NET.ActiveCfg = Release|Any CPU
		{BA24FAF7-D518-49E8-952A-45595682877E}.Release|Any CPU.ActiveCfg = Release|Any CPU
		{BA24FAF7-D518-49E8-952A-45595682877E}.Release|Any CPU.Build.0 = Release|Any CPU
		{BA24FAF7-D518-49E8-952A-45595682877E}.Release|Mixed Platforms.ActiveCfg = Release|Any CPU
		{BA24FAF7-D518-49E8-952A-45595682877E}.Release|Mixed Platforms.Build.0 = Release|Any CPU
		{CD1B7DBC-19DB-41A8-80CE-986C66225E8B}.Autobuild|.NET.ActiveCfg = Release|Any CPU
		{CD1B7DBC-19DB-41A8-80CE-986C66225E8B}.Autobuild|Any CPU.ActiveCfg = Release|Any CPU
		{CD1B7DBC-19DB-41A8-80CE-986C66225E8B}.Autobuild|Any CPU.Build.0 = Release|Any CPU
		{CD1B7DBC-19DB-41A8-80CE-986C66225E8B}.Autobuild|Mixed Platforms.ActiveCfg = Release|Any CPU
		{CD1B7DBC-19DB-41A8-80CE-986C66225E8B}.Debug|.NET.ActiveCfg = Debug|Any CPU
		{CD1B7DBC-19DB-41A8-80CE-986C66225E8B}.Debug|Any CPU.ActiveCfg = Debug|Any CPU
		{CD1B7DBC-19DB-41A8-80CE-986C66225E8B}.Debug|Any CPU.Build.0 = Debug|Any CPU
		{CD1B7DBC-19DB-41A8-80CE-986C66225E8B}.Debug|Mixed Platforms.ActiveCfg = Debug|Any CPU
		{CD1B7DBC-19DB-41A8-80CE-986C66225E8B}.Release|.NET.ActiveCfg = Release|Any CPU
		{CD1B7DBC-19DB-41A8-80CE-986C66225E8B}.Release|Any CPU.ActiveCfg = Release|Any CPU
		{CD1B7DBC-19DB-41A8-80CE-986C66225E8B}.Release|Any CPU.Build.0 = Release|Any CPU
		{CD1B7DBC-19DB-41A8-80CE-986C66225E8B}.Release|Mixed Platforms.ActiveCfg = Release|Any CPU
		{C540570C-20E0-4979-84EB-8833810DDDF6}.Autobuild|.NET.ActiveCfg = Release|Any CPU
		{C540570C-20E0-4979-84EB-8833810DDDF6}.Autobuild|Any CPU.ActiveCfg = Release|Any CPU
		{C540570C-20E0-4979-84EB-8833810DDDF6}.Autobuild|Any CPU.Build.0 = Release|Any CPU
		{C540570C-20E0-4979-84EB-8833810DDDF6}.Autobuild|Mixed Platforms.ActiveCfg = Release|Any CPU
		{C540570C-20E0-4979-84EB-8833810DDDF6}.Autobuild|Mixed Platforms.Build.0 = Release|Any CPU
		{C540570C-20E0-4979-84EB-8833810DDDF6}.Debug|.NET.ActiveCfg = Debug|Any CPU
		{C540570C-20E0-4979-84EB-8833810DDDF6}.Debug|Any CPU.ActiveCfg = Debug|Any CPU
		{C540570C-20E0-4979-84EB-8833810DDDF6}.Debug|Any CPU.Build.0 = Debug|Any CPU
		{C540570C-20E0-4979-84EB-8833810DDDF6}.Debug|Mixed Platforms.ActiveCfg = Debug|Any CPU
		{C540570C-20E0-4979-84EB-8833810DDDF6}.Debug|Mixed Platforms.Build.0 = Debug|Any CPU
		{C540570C-20E0-4979-84EB-8833810DDDF6}.Release|.NET.ActiveCfg = Release|Any CPU
		{C540570C-20E0-4979-84EB-8833810DDDF6}.Release|Any CPU.ActiveCfg = Release|Any CPU
		{C540570C-20E0-4979-84EB-8833810DDDF6}.Release|Any CPU.Build.0 = Release|Any CPU
		{C540570C-20E0-4979-84EB-8833810DDDF6}.Release|Mixed Platforms.ActiveCfg = Release|Any CPU
		{C540570C-20E0-4979-84EB-8833810DDDF6}.Release|Mixed Platforms.Build.0 = Release|Any CPU
		{3A5B5F19-51A5-48CE-A82E-97D5C189E5CB}.Autobuild|.NET.ActiveCfg = Release|Any CPU
		{3A5B5F19-51A5-48CE-A82E-97D5C189E5CB}.Autobuild|Any CPU.ActiveCfg = Release|Any CPU
		{3A5B5F19-51A5-48CE-A82E-97D5C189E5CB}.Autobuild|Any CPU.Build.0 = Release|Any CPU
		{3A5B5F19-51A5-48CE-A82E-97D5C189E5CB}.Autobuild|Mixed Platforms.ActiveCfg = Release|Any CPU
		{3A5B5F19-51A5-48CE-A82E-97D5C189E5CB}.Autobuild|Mixed Platforms.Build.0 = Release|Any CPU
		{3A5B5F19-51A5-48CE-A82E-97D5C189E5CB}.Debug|.NET.ActiveCfg = Debug|Any CPU
		{3A5B5F19-51A5-48CE-A82E-97D5C189E5CB}.Debug|Any CPU.ActiveCfg = Debug|Any CPU
		{3A5B5F19-51A5-48CE-A82E-97D5C189E5CB}.Debug|Any CPU.Build.0 = Debug|Any CPU
		{3A5B5F19-51A5-48CE-A82E-97D5C189E5CB}.Debug|Mixed Platforms.ActiveCfg = Debug|Any CPU
		{3A5B5F19-51A5-48CE-A82E-97D5C189E5CB}.Debug|Mixed Platforms.Build.0 = Debug|Any CPU
		{3A5B5F19-51A5-48CE-A82E-97D5C189E5CB}.Release|.NET.ActiveCfg = Release|Any CPU
		{3A5B5F19-51A5-48CE-A82E-97D5C189E5CB}.Release|Any CPU.ActiveCfg = Release|Any CPU
		{3A5B5F19-51A5-48CE-A82E-97D5C189E5CB}.Release|Any CPU.Build.0 = Release|Any CPU
		{3A5B5F19-51A5-48CE-A82E-97D5C189E5CB}.Release|Mixed Platforms.ActiveCfg = Release|Any CPU
		{3A5B5F19-51A5-48CE-A82E-97D5C189E5CB}.Release|Mixed Platforms.Build.0 = Release|Any CPU
		{6608C2E6-F841-4CD1-8AB2-28DC3B1DDDD1}.Autobuild|.NET.ActiveCfg = Release|Any CPU
		{6608C2E6-F841-4CD1-8AB2-28DC3B1DDDD1}.Autobuild|Any CPU.ActiveCfg = Release|Any CPU
		{6608C2E6-F841-4CD1-8AB2-28DC3B1DDDD1}.Autobuild|Any CPU.Build.0 = Release|Any CPU
		{6608C2E6-F841-4CD1-8AB2-28DC3B1DDDD1}.Autobuild|Mixed Platforms.ActiveCfg = Release|Any CPU
		{6608C2E6-F841-4CD1-8AB2-28DC3B1DDDD1}.Autobuild|Mixed Platforms.Build.0 = Release|Any CPU
		{6608C2E6-F841-4CD1-8AB2-28DC3B1DDDD1}.Debug|.NET.ActiveCfg = Debug|Any CPU
		{6608C2E6-F841-4CD1-8AB2-28DC3B1DDDD1}.Debug|Any CPU.ActiveCfg = Debug|Any CPU
		{6608C2E6-F841-4CD1-8AB2-28DC3B1DDDD1}.Debug|Any CPU.Build.0 = Debug|Any CPU
		{6608C2E6-F841-4CD1-8AB2-28DC3B1DDDD1}.Debug|Mixed Platforms.ActiveCfg = Debug|Any CPU
		{6608C2E6-F841-4CD1-8AB2-28DC3B1DDDD1}.Debug|Mixed Platforms.Build.0 = Debug|Any CPU
		{6608C2E6-F841-4CD1-8AB2-28DC3B1DDDD1}.Release|.NET.ActiveCfg = Release|Any CPU
		{6608C2E6-F841-4CD1-8AB2-28DC3B1DDDD1}.Release|Any CPU.ActiveCfg = Release|Any CPU
		{6608C2E6-F841-4CD1-8AB2-28DC3B1DDDD1}.Release|Any CPU.Build.0 = Release|Any CPU
		{6608C2E6-F841-4CD1-8AB2-28DC3B1DDDD1}.Release|Mixed Platforms.ActiveCfg = Release|Any CPU
		{6608C2E6-F841-4CD1-8AB2-28DC3B1DDDD1}.Release|Mixed Platforms.Build.0 = Release|Any CPU
		{B7C7320D-A721-4EA8-83E9-1B09AAFF20E9}.Autobuild|.NET.ActiveCfg = Release|Any CPU
		{B7C7320D-A721-4EA8-83E9-1B09AAFF20E9}.Autobuild|Any CPU.ActiveCfg = Release|Any CPU
		{B7C7320D-A721-4EA8-83E9-1B09AAFF20E9}.Autobuild|Any CPU.Build.0 = Release|Any CPU
		{B7C7320D-A721-4EA8-83E9-1B09AAFF20E9}.Autobuild|Mixed Platforms.ActiveCfg = Release|Any CPU
		{B7C7320D-A721-4EA8-83E9-1B09AAFF20E9}.Autobuild|Mixed Platforms.Build.0 = Release|Any CPU
		{B7C7320D-A721-4EA8-83E9-1B09AAFF20E9}.Debug|.NET.ActiveCfg = Debug|Any CPU
		{B7C7320D-A721-4EA8-83E9-1B09AAFF20E9}.Debug|Any CPU.ActiveCfg = Debug|Any CPU
		{B7C7320D-A721-4EA8-83E9-1B09AAFF20E9}.Debug|Any CPU.Build.0 = Debug|Any CPU
		{B7C7320D-A721-4EA8-83E9-1B09AAFF20E9}.Debug|Mixed Platforms.ActiveCfg = Debug|Any CPU
		{B7C7320D-A721-4EA8-83E9-1B09AAFF20E9}.Debug|Mixed Platforms.Build.0 = Debug|Any CPU
		{B7C7320D-A721-4EA8-83E9-1B09AAFF20E9}.Release|.NET.ActiveCfg = Release|Any CPU
		{B7C7320D-A721-4EA8-83E9-1B09AAFF20E9}.Release|Any CPU.ActiveCfg = Release|Any CPU
		{B7C7320D-A721-4EA8-83E9-1B09AAFF20E9}.Release|Any CPU.Build.0 = Release|Any CPU
		{B7C7320D-A721-4EA8-83E9-1B09AAFF20E9}.Release|Mixed Platforms.ActiveCfg = Release|Any CPU
		{B7C7320D-A721-4EA8-83E9-1B09AAFF20E9}.Release|Mixed Platforms.Build.0 = Release|Any CPU
		{367F36EA-AE1C-4E15-BAF9-BA75B18B3807}.Autobuild|.NET.ActiveCfg = Debug|Any CPU
		{367F36EA-AE1C-4E15-BAF9-BA75B18B3807}.Autobuild|Any CPU.ActiveCfg = Debug|Any CPU
		{367F36EA-AE1C-4E15-BAF9-BA75B18B3807}.Autobuild|Any CPU.Build.0 = Debug|Any CPU
		{367F36EA-AE1C-4E15-BAF9-BA75B18B3807}.Autobuild|Mixed Platforms.ActiveCfg = Debug|Any CPU
		{367F36EA-AE1C-4E15-BAF9-BA75B18B3807}.Debug|.NET.ActiveCfg = Debug|Any CPU
		{367F36EA-AE1C-4E15-BAF9-BA75B18B3807}.Debug|Any CPU.ActiveCfg = Debug|Any CPU
		{367F36EA-AE1C-4E15-BAF9-BA75B18B3807}.Debug|Any CPU.Build.0 = Debug|Any CPU
		{367F36EA-AE1C-4E15-BAF9-BA75B18B3807}.Debug|Mixed Platforms.ActiveCfg = Debug|Any CPU
		{367F36EA-AE1C-4E15-BAF9-BA75B18B3807}.Debug|Mixed Platforms.Build.0 = Debug|Any CPU
		{367F36EA-AE1C-4E15-BAF9-BA75B18B3807}.Release|.NET.ActiveCfg = Debug|Any CPU
		{367F36EA-AE1C-4E15-BAF9-BA75B18B3807}.Release|Any CPU.ActiveCfg = Debug|Any CPU
		{367F36EA-AE1C-4E15-BAF9-BA75B18B3807}.Release|Any CPU.Build.0 = Debug|Any CPU
		{367F36EA-AE1C-4E15-BAF9-BA75B18B3807}.Release|Mixed Platforms.ActiveCfg = Debug|Any CPU
		{367F36EA-AE1C-4E15-BAF9-BA75B18B3807}.Release|Mixed Platforms.Build.0 = Debug|Any CPU
		{D9140E89-9B4E-4021-8B42-A792F33EDF9A}.Autobuild|.NET.ActiveCfg = Release|Any CPU
		{D9140E89-9B4E-4021-8B42-A792F33EDF9A}.Autobuild|Any CPU.ActiveCfg = Release|Any CPU
		{D9140E89-9B4E-4021-8B42-A792F33EDF9A}.Autobuild|Any CPU.Build.0 = Release|Any CPU
		{D9140E89-9B4E-4021-8B42-A792F33EDF9A}.Autobuild|Mixed Platforms.ActiveCfg = Release|Any CPU
		{D9140E89-9B4E-4021-8B42-A792F33EDF9A}.Autobuild|Mixed Platforms.Build.0 = Release|Any CPU
		{D9140E89-9B4E-4021-8B42-A792F33EDF9A}.Debug|.NET.ActiveCfg = Debug|Any CPU
		{D9140E89-9B4E-4021-8B42-A792F33EDF9A}.Debug|Any CPU.ActiveCfg = Debug|Any CPU
		{D9140E89-9B4E-4021-8B42-A792F33EDF9A}.Debug|Any CPU.Build.0 = Debug|Any CPU
		{D9140E89-9B4E-4021-8B42-A792F33EDF9A}.Debug|Mixed Platforms.ActiveCfg = Debug|Any CPU
		{D9140E89-9B4E-4021-8B42-A792F33EDF9A}.Debug|Mixed Platforms.Build.0 = Debug|Any CPU
		{D9140E89-9B4E-4021-8B42-A792F33EDF9A}.Release|.NET.ActiveCfg = Release|Any CPU
		{D9140E89-9B4E-4021-8B42-A792F33EDF9A}.Release|Any CPU.ActiveCfg = Release|Any CPU
		{D9140E89-9B4E-4021-8B42-A792F33EDF9A}.Release|Any CPU.Build.0 = Release|Any CPU
		{D9140E89-9B4E-4021-8B42-A792F33EDF9A}.Release|Mixed Platforms.ActiveCfg = Release|Any CPU
		{D9140E89-9B4E-4021-8B42-A792F33EDF9A}.Release|Mixed Platforms.Build.0 = Release|Any CPU
	EndGlobalSection
	GlobalSection(SolutionProperties) = preSolution
		HideSolutionNode = FALSE
	EndGlobalSection
EndGlobal
